Microsoft Visual Studio Solution File, Format Version 11.00
# Visual Studio 2008

Project("{E9F8EF9B-348A-0F9D-D1EE-33A1D4666567}") = "EcoCompany", "Assembly-CSharp.csproj", "{CF1BA8C1-35B7-3AB1-3219-8C0F719E5AED}"
EndProject
Global
	GlobalSection(SolutionConfigurationPlatforms) = preSolution
		Debug|Any CPU = Debug|Any CPU
		Release|Any CPU = Release|Any CPU
	EndGlobalSection
	GlobalSection(ProjectConfigurationPlatforms) = postSolution
		{CF1BA8C1-35B7-3AB1-3219-8C0F719E5AED}.Debug|Any CPU.ActiveCfg = Debug|Any CPU
		{CF1BA8C1-35B7-3AB1-3219-8C0F719E5AED}.Debug|Any CPU.Build.0 = Debug|Any CPU
		{CF1BA8C1-35B7-3AB1-3219-8C0F719E5AED}.Release|Any CPU.ActiveCfg = Release|Any CPU
		{CF1BA8C1-35B7-3AB1-3219-8C0F719E5AED}.Release|Any CPU.Build.0 = Release|Any CPU
	EndGlobalSection
	GlobalSection(SolutionProperties) = preSolution
		HideSolutionNode = FALSE
	EndGlobalSection
																																																															GlobalSection(MonoDevelopProperties) = preSolution
		StartupItem = Assembly-CSharp.csproj
		Policies = $0
		$0.TextStylePolicy = $1
		$1.inheritsSet = null
		$1.scope = text/x-csharp
		$0.CSharpFormattingPolicy = $2
		$2.inheritsSet = Mono
		$2.inheritsScope = text/x-csharp
		$2.scope = text/x-csharp
		$0.TextStylePolicy = $3
		$3.FileWidth = 120
		$3.TabWidth = 4
		$3.EolMarker = Unix
		$3.inheritsSet = Mono
		$3.inheritsScope = text/plain
		$3.scope = text/plain
	EndGlobalSection

EndGlobal
